
Microsoft Visual Studio Solution File, Format Version 10.00
# Visual Studio 2008
Project("{FAE04EC0-301F-11D3-BF4B-00C04F79EFBC}") = "Steve's Encode64 Utility", "Steve's Encode64 Utility\Steve's Encode64 Utility.csproj", "{2A268556-E508-421B-B28E-CD0E60B3E74A}"
EndProject
Global
	GlobalSection(SolutionConfigurationPlatforms) = preSolution
		Debug|Any CPU = Debug|Any CPU
		Release|Any CPU = Release|Any CPU
	EndGlobalSection
	GlobalSection(ProjectConfigurationPlatforms) = postSolution
		{2A268556-E508-421B-B28E-CD0E60B3E74A}.Debug|Any CPU.ActiveCfg = Debug|Any CPU
		{2A268556-E508-421B-B28E-CD0E60B3E74A}.Debug|Any CPU.Build.0 = Debug|Any CPU
		{2A268556-E508-421B-B28E-CD0E60B3E74A}.Release|Any CPU.ActiveCfg = Release|Any CPU
		{2A268556-E508-421B-B28E-CD0E60B3E74A}.Release|Any CPU.Build.0 = Release|Any CPU
	EndGlobalSection
	GlobalSection(SolutionProperties) = preSolution
		HideSolutionNode = FALSE
	EndGlobalSection
EndGlobal
